hash: f26bf5a7be90bb9b25e476f603dfc760bc1bc764959366fea4311a9539d3e194
updated: 2017-01-04T15:12:32.082529586+09:00
imports:
- name: cloud.google.com/go
  version: fa261437944009fe81aa841d9976710d5235a3a7
  subpackages:
  - compute/metadata
  - internal
  - internal/optional
  - storage
- name: github.com/bradfitz/gomemcache
  version: 2fafb84a66c4911e11a8f50955b01e74fe3ab9c5
  subpackages:
  - memcache
- name: github.com/davecgh/go-spew
  version: 346938d642f2ec3594ed81d874461961cd0faa76
  subpackages:
  - spew
- name: github.com/disintegration/imaging
  version: 243d2d8673c1225a6afceeb9b3b4423d485dc8df
- name: github.com/fatih/camelcase
  version: f6a740d52f961c60348ebb109adde9f4635d7540
- name: github.com/goamz/goamz
  version: b2c2eaf25cbb87f41087aa796facf82113809ed5
  subpackages:
  - aws
  - s3
- name: github.com/golang/protobuf
  version: 8ee79997227bf9b34611aee7946ae64735e6fd93
  subpackages:
  - proto
- name: github.com/googleapis/gax-go
  version: da06d194a00e19ce00d9011a13931c3f6f6887c7
- name: github.com/lestrrat/go-apache-logformat
  version: aef9f5955f335dc2fbb969c95b849347b15e36c9
- name: github.com/lestrrat/go-bufferpool
  version: a1a4a9cf09b4f3e6d263ba25cf09de3276e1d589
- name: github.com/lestrrat/go-config
  version: cbc537214dbdde35e3b3d57bcc3492f940856a72
  subpackages:
  - env
  - env/internal/structtag
- name: github.com/lestrrat/go-envload
  version: e3d37b56df13cfecc14abc47df75ef1481944e39
- name: github.com/lestrrat/go-file-rotatelogs
  version: 505c036604b3326a96097ca91865df30043093a5
- name: github.com/lestrrat/go-pdebug
  version: 2e6eaaa5717f81bda41d27070d3c966f40a1e75f
- name: github.com/lestrrat/go-server-starter
  version: f9cb0b066498d26a90fd918fe265adbb0ea02bcf
  subpackages:
  - listener
- name: github.com/lestrrat/go-strftime
  version: 8ebaf644f3e9cdfdc2428613f61e82445c3b0586
- name: github.com/pkg/errors
  version: 248dadf4e9068a0b3e79f02ed0a610d935de5302
- name: github.com/stretchr/testify
  version: 2402e8e7a02fc811447d11f881aa9746cdc57983
  subpackages:
  - assert
- name: github.com/vaughan0/go-ini
  version: a98ad7ee00ec53921f08832bc06ecf7fd600e6a1
- name: go4.org
  version: 09d86de304dc27e636298361bbfee4ac6ab04f21
  subpackages:
  - syncutil/singleflight
- name: golang.org/x/image
  version: 3ba119400e6fd98bf5100d1c17303c377b6521e9
  subpackages:
  - bmp
  - tiff
  - tiff/lzw
- name: golang.org/x/net
  version: 69d4b8aa71caaaa75c3dfc11211d1be495abec7c
  subpackages:
  - context
  - context/ctxhttp
  - http2
  - http2/hpack
  - idna
  - internal/timeseries
  - lex/httplex
  - trace
- name: golang.org/x/oauth2
  version: 314dd2c0bf3ebd592ec0d20847d27e79d0dbe8dd
  subpackages:
  - google
  - internal
  - jws
  - jwt
- name: golang.org/x/sync
  version: 450f422ab23cf9881c94e2db30cac0eb1b7cf80c
  subpackages:
  - errgroup
- name: google.golang.org/api
  version: 55146ba61254fdb1c26d65ff3c04bc1611ad73fb
  subpackages:
  - gensupport
  - googleapi
  - googleapi/internal/uritemplates
  - googleapi/transport
  - internal
  - iterator
  - option
  - storage/v1
  - transport
- name: google.golang.org/appengine
  version: 08a149cfaee099e6ce4be01c0113a78c85ee1dee
  subpackages:
  - datastore
  - internal
  - internal/app_identity
  - internal/base
  - internal/datastore
  - internal/log
  - internal/memcache
  - internal/modules
  - internal/remote_api
  - internal/socket
  - internal/urlfetch
  - memcache
  - socket
  - urlfetch
- name: google.golang.org/grpc
  version: c8105071640ef29fce843ed96983e864bb18eb0e
  subpackages:
  - codes
  - credentials
  - credentials/oauth
  - grpclog
  - internal
  - metadata
  - naming
  - peer
  - stats
  - tap
  - transport
- name: gopkg.in/go-redis/cache.v5
  version: 2766414f72791c8b0fa60409aa6e27867e9ad0c1
  subpackages:
  - lrucache
- name: gopkg.in/redis.v5
  version: b9cc17bae020d9c1f467ca0f27d7706c1683c370
  subpackages:
  - internal
  - internal/consistenthash
  - internal/hashtag
  - internal/pool
  - internal/proto
- name: gopkg.in/vmihailenco/msgpack.v2
  version: a1382b1ce0c749733b814157c245e02cc1f41076
  subpackages:
  - codes
testImports:
- name: github.com/pmezard/go-difflib
  version: d8ed2627bdf02c080bf22230dbb337003b7aba2d
  subpackages:
  - difflib
