hash: 4588e90c55cb5306648b2bf71903356794c4be06dd37eb6eec2a848fd808a63f
updated: 2016-12-22T10:29:07.855492314+09:00
imports:
- name: bitbucket.org/tebeka/strftime
  version: ""
- name: cloud.google.com/go
  version: 3c4c8cc11d151d76587802cb55dd7b80beca832b
  subpackages:
  - storage
  - internal
  - internal/optional
  - compute/metadata
- name: github.com/bradfitz/gomemcache
  version: 0f4bf559a884848deca359d812f09aab0e0fd9b3
  subpackages:
  - memcache
- name: github.com/disintegration/imaging
  version: 0f4bf559a884848deca359d812f09aab0e0fd9b3
- name: github.com/goamz/goamz
  version: 0f4bf559a884848deca359d812f09aab0e0fd9b3
  subpackages:
  - aws
  - s3
- name: github.com/golang/protobuf
  version: 0f4bf559a884848deca359d812f09aab0e0fd9b3
  subpackages:
  - proto
- name: github.com/googleapis/gax-go
  version: da06d194a00e19ce00d9011a13931c3f6f6887c7
- name: github.com/lestrrat/go-apache-logformat
  version: 0f4bf559a884848deca359d812f09aab0e0fd9b3
- name: github.com/lestrrat/go-bufferpool
  version: 0f4bf559a884848deca359d812f09aab0e0fd9b3
- name: github.com/lestrrat/go-file-rotatelogs
  version: 0f4bf559a884848deca359d812f09aab0e0fd9b3
- name: github.com/lestrrat/go-server-starter
  version: 0f4bf559a884848deca359d812f09aab0e0fd9b3
  subpackages:
  - listener
- name: github.com/pkg/errors
  version: 0f4bf559a884848deca359d812f09aab0e0fd9b3
- name: github.com/stretchr/testify
  version: 2402e8e7a02fc811447d11f881aa9746cdc57983
  subpackages:
  - assert
- name: github.com/vaughan0/go-ini
  version: 0f4bf559a884848deca359d812f09aab0e0fd9b3
- name: go4.org
  version: 0f4bf559a884848deca359d812f09aab0e0fd9b3
  subpackages:
  - syncutil/singleflight
- name: golang.org/x/image
  version: 0f4bf559a884848deca359d812f09aab0e0fd9b3
  subpackages:
  - bmp
  - tiff
  - tiff/lzw
- name: golang.org/x/net
  version: 0f4bf559a884848deca359d812f09aab0e0fd9b3
  subpackages:
  - context
  - context/ctxhttp
  - http2
  - trace
  - http2/hpack
  - idna
  - lex/httplex
  - internal/timeseries
- name: golang.org/x/oauth2
  version: 314dd2c0bf3ebd592ec0d20847d27e79d0dbe8dd
  subpackages:
  - google
  - internal
  - jws
  - jwt
- name: golang.org/x/sync
  version: 450f422ab23cf9881c94e2db30cac0eb1b7cf80c
  subpackages:
  - errgroup
- name: google.golang.org/api
  version: 55146ba61254fdb1c26d65ff3c04bc1611ad73fb
  subpackages:
  - option
  - googleapi
  - iterator
  - storage/v1
  - transport
  - internal
  - googleapi/internal/uritemplates
  - gensupport
  - googleapi/transport
- name: google.golang.org/appengine
  version: 0f4bf559a884848deca359d812f09aab0e0fd9b3
  subpackages:
  - datastore
  - internal
  - internal/datastore
  - socket
  - urlfetch
  - internal/app_identity
  - internal/modules
  - internal/base
  - internal/log
  - internal/remote_api
  - internal/socket
  - internal/urlfetch
- name: google.golang.org/grpc
  version: 9d682f9293b408c42d17c587d0e2a31237ac3f10
  subpackages:
  - codes
  - credentials
  - credentials/oauth
  - naming
  - grpclog
  - internal
  - metadata
  - stats
  - tap
  - transport
  - peer
- name: gopkg.in/go-redis/cache.v5
  version: 0f4bf559a884848deca359d812f09aab0e0fd9b3
  subpackages:
  - lrucache
- name: gopkg.in/redis.v5
  version: 0f4bf559a884848deca359d812f09aab0e0fd9b3
  subpackages:
  - internal
  - internal/consistenthash
  - internal/hashtag
  - internal/pool
  - internal/proto
- name: gopkg.in/vmihailenco/msgpack.v2
  version: 0f4bf559a884848deca359d812f09aab0e0fd9b3
  subpackages:
  - codes
devImports: []
